
Microsoft Visual Studio Solution File, Format Version 12.00
# Visual Studio 15
VisualStudioVersion = 15.0.27428.2011
MinimumVisualStudioVersion = 10.0.40219.1
Project("{FAE04EC0-301F-11D3-BF4B-00C04F79EFBC}") = "AspNet.Core.Identity.NPoco", "AspNet.Core.Identity.NPoco\AspNet.Core.Identity.NPoco.csproj", "{2977B81F-93B1-4A9B-8010-63947035C619}"
EndProject
Project("{FAE04EC0-301F-11D3-BF4B-00C04F79EFBC}") = "AspNet.Core.Identity.NPoco.Simple.Migrations", "AspNet.Core.Identity.NPoco.Simple.Migrations\AspNet.Core.Identity.NPoco.Simple.Migrations.csproj", "{2FADCE09-2791-4923-AF22-D7EA1564288F}"
EndProject
Global
	GlobalSection(SolutionConfigurationPlatforms) = preSolution
		Debug|Any CPU = Debug|Any CPU
		Release|Any CPU = Release|Any CPU
	EndGlobalSection
	GlobalSection(ProjectConfigurationPlatforms) = postSolution
		{2977B81F-93B1-4A9B-8010-63947035C619}.Debug|Any CPU.ActiveCfg = Debug|Any CPU
		{2977B81F-93B1-4A9B-8010-63947035C619}.Debug|Any CPU.Build.0 = Debug|Any CPU
		{2977B81F-93B1-4A9B-8010-63947035C619}.Release|Any CPU.ActiveCfg = Release|Any CPU
		{2977B81F-93B1-4A9B-8010-63947035C619}.Release|Any CPU.Build.0 = Release|Any CPU
		{2FADCE09-2791-4923-AF22-D7EA1564288F}.Debug|Any CPU.ActiveCfg = Debug|Any CPU
		{2FADCE09-2791-4923-AF22-D7EA1564288F}.Debug|Any CPU.Build.0 = Debug|Any CPU
		{2FADCE09-2791-4923-AF22-D7EA1564288F}.Release|Any CPU.ActiveCfg = Release|Any CPU
		{2FADCE09-2791-4923-AF22-D7EA1564288F}.Release|Any CPU.Build.0 = Release|Any CPU
	EndGlobalSection
	GlobalSection(SolutionProperties) = preSolution
		HideSolutionNode = FALSE
	EndGlobalSection
	GlobalSection(ExtensibilityGlobals) = postSolution
		SolutionGuid = {C01814AB-DDA8-4DE5-85F3-B9D44EF481E2}
	EndGlobalSection
EndGlobal
